
Microsoft Visual Studio Solution File, Format Version 12.00
# Visual Studio Version 16
VisualStudioVersion = 16.0.31729.503
MinimumVisualStudioVersion = 10.0.40219.1
Project("{FAE04EC0-301F-11D3-BF4B-00C04F79EFBC}") = "LCGreaterorSmall", "LCGreaterorSmall.csproj", "{8A6A1D63-9332-4740-A83B-926B0EBEEEF0}"
EndProject
Global
	GlobalSection(SolutionConfigurationPlatforms) = preSolution
		Debug|Any CPU = Debug|Any CPU
		Release|Any CPU = Release|Any CPU
	EndGlobalSection
	GlobalSection(ProjectConfigurationPlatforms) = postSolution
		{8A6A1D63-9332-4740-A83B-926B0EBEEEF0}.Debug|Any CPU.ActiveCfg = Debug|Any CPU
		{8A6A1D63-9332-4740-A83B-926B0EBEEEF0}.Debug|Any CPU.Build.0 = Debug|Any CPU
		{8A6A1D63-9332-4740-A83B-926B0EBEEEF0}.Release|Any CPU.ActiveCfg = Release|Any CPU
		{8A6A1D63-9332-4740-A83B-926B0EBEEEF0}.Release|Any CPU.Build.0 = Release|Any CPU
	EndGlobalSection
	GlobalSection(SolutionProperties) = preSolution
		HideSolutionNode = FALSE
	EndGlobalSection
	GlobalSection(ExtensibilityGlobals) = postSolution
		SolutionGuid = {3F2FB677-0494-448A-AB2B-E52CBAEEB925}
	EndGlobalSection
EndGlobal
